{
  "name": "telephone-number-filter",
  "type": "modules",
  "version": "1.0.0",
  "lockfileVersion": 2,
  "requires": true,
  "packages": {
    "": {
      "name": "telephone-number-filter",
      "version": "1.0.0",
      "license": "ISC",
      "dependencies": {
        "phone-formatter": "^0.0.2"
      }
    },
    "node_modules/phone-formatter": {
      "version": "0.0.2",
      "resolved": "https://registry.npmjs.org/phone-formatter/-/phone-formatter-0.0.2.tgz",
      "integrity": "sha1-82JsfSdIYPAU9w9DqHVmoWsOes4=",
      "engines": {
        "node": ">= 0.6.0"
      }
    }
  },
  "dependencies": {
    "phone-formatter": {
      "version": "0.0.2",
      "resolved": "https://registry.npmjs.org/phone-formatter/-/phone-formatter-0.0.2.tgz",
      "integrity": "sha1-82JsfSdIYPAU9w9DqHVmoWsOes4="
    }
  }
}
